github.com/techcraftlabs/base v0.0.2 h1:vaHW69K4n4OBAzzmce73QgOiO2jDqEOQlTVsbJOXDWY=
github.com/techcraftlabs/base v0.0.2/go.mod h1:rOmjUkGfCp2vqa9O57htXSjzMEKxnYEEsrS0Pr/g4p0=
github.com/techcraftlabs/base v0.0.3 h1:J408Lr8018INgsWLN/auDmbc3S+XaSNby3QNYVNAXVg=
github.com/techcraftlabs/base v0.0.3/go.mod h1:rOmjUkGfCp2vqa9O57htXSjzMEKxnYEEsrS0Pr/g4p0=
